
Microsoft Visual Studio Solution File, Format Version 11.00
# Visual Studio 2010
Project("{FAE04EC0-301F-11D3-BF4B-00C04F79EFBC}") = "War-Of-Worms", "Assembly-CSharp.csproj", "{8548500B-5976-0EBD-F89A-967EC31CD76A}"
EndProject
Project("{FAE04EC0-301F-11D3-BF4B-00C04F79EFBC}") = "War-Of-Worms", "Assembly-CSharp-firstpass.csproj", "{697454C2-ADE5-29A0-3375-E8D4039054C9}"
EndProject
Project("{FAE04EC0-301F-11D3-BF4B-00C04F79EFBC}") = "War-Of-Worms", "Assembly-CSharp-Editor-firstpass.csproj", "{59D78DB4-A052-3A0A-5E5B-D7AFCC890737}"
EndProject
Global
	GlobalSection(SolutionConfigurationPlatforms) = preSolution
		Debug|Any CPU = Debug|Any CPU
		Release|Any CPU = Release|Any CPU
	EndGlobalSection
	GlobalSection(ProjectConfigurationPlatforms) = postSolution
		{8548500B-5976-0EBD-F89A-967EC31CD76A}.Debug|Any CPU.ActiveCfg = Debug|Any CPU
		{8548500B-5976-0EBD-F89A-967EC31CD76A}.Debug|Any CPU.Build.0 = Debug|Any CPU
		{8548500B-5976-0EBD-F89A-967EC31CD76A}.Release|Any CPU.ActiveCfg = Release|Any CPU
		{8548500B-5976-0EBD-F89A-967EC31CD76A}.Release|Any CPU.Build.0 = Release|Any CPU
		{697454C2-ADE5-29A0-3375-E8D4039054C9}.Debug|Any CPU.ActiveCfg = Debug|Any CPU
		{697454C2-ADE5-29A0-3375-E8D4039054C9}.Debug|Any CPU.Build.0 = Debug|Any CPU
		{697454C2-ADE5-29A0-3375-E8D4039054C9}.Release|Any CPU.ActiveCfg = Release|Any CPU
		{697454C2-ADE5-29A0-3375-E8D4039054C9}.Release|Any CPU.Build.0 = Release|Any CPU
		{59D78DB4-A052-3A0A-5E5B-D7AFCC890737}.Debug|Any CPU.ActiveCfg = Debug|Any CPU
		{59D78DB4-A052-3A0A-5E5B-D7AFCC890737}.Debug|Any CPU.Build.0 = Debug|Any CPU
		{59D78DB4-A052-3A0A-5E5B-D7AFCC890737}.Release|Any CPU.ActiveCfg = Release|Any CPU
		{59D78DB4-A052-3A0A-5E5B-D7AFCC890737}.Release|Any CPU.Build.0 = Release|Any CPU
	EndGlobalSection
	GlobalSection(SolutionProperties) = preSolution
		HideSolutionNode = FALSE
	EndGlobalSection
	GlobalSection(MonoDevelopProperties) = preSolution
		StartupItem = Assembly-CSharp.csproj
	EndGlobalSection
EndGlobal
