
Microsoft Visual Studio Solution File, Format Version 12.00
# Visual Studio 2017
Project("{FAE04EC0-301F-11D3-BF4B-00C04F79EFBC}") = "War-Of-Worms", "War-Of-Worms.csproj", "{72E6FF76-B24D-46AB-8F1E-6E889ACCF96D}"
EndProject
Global
	GlobalSection(SolutionConfigurationPlatforms) = preSolution
		Debug|Any CPU = Debug|Any CPU
		Release|Any CPU = Release|Any CPU
	EndGlobalSection
	GlobalSection(ProjectConfigurationPlatforms) = postSolution
		{72E6FF76-B24D-46AB-8F1E-6E889ACCF96D}.Debug|Any CPU.ActiveCfg = Debug|Any CPU
		{72E6FF76-B24D-46AB-8F1E-6E889ACCF96D}.Debug|Any CPU.Build.0 = Debug|Any CPU
		{72E6FF76-B24D-46AB-8F1E-6E889ACCF96D}.Release|Any CPU.ActiveCfg = Release|Any CPU
		{72E6FF76-B24D-46AB-8F1E-6E889ACCF96D}.Release|Any CPU.Build.0 = Release|Any CPU
	EndGlobalSection
	GlobalSection(SolutionProperties) = preSolution
		HideSolutionNode = FALSE
	EndGlobalSection
EndGlobal
